
Microsoft Visual Studio Solution File, Format Version 12.00
# 
Project("{FAE04EC0-301F-11D3-BF4B-00C04F79EFBC}") = "Mariadb", "src\Mariadb\Mariadb.csproj", "{573B73AF-E76E-4E62-940B-4A66E719712B}"
EndProject
Project("{FAE04EC0-301F-11D3-BF4B-00C04F79EFBC}") = "Mariadb.tests", "tests\Mariadb.tests.csproj", "{09E209BE-6D5E-4D93-B25C-7E9FBA341DDE}"
EndProject
Project("{FAE04EC0-301F-11D3-BF4B-00C04F79EFBC}") = "MariaDB.benchmark", "benchmarks\MariaDB.benchmark.csproj", "{67A71DFB-8338-48B9-B30A-89C563DFEE77}"
EndProject
Global
	GlobalSection(SolutionConfigurationPlatforms) = preSolution
		Debug|Any CPU = Debug|Any CPU
		Release|Any CPU = Release|Any CPU
	EndGlobalSection
	GlobalSection(ProjectConfigurationPlatforms) = postSolution
		{573B73AF-E76E-4E62-940B-4A66E719712B}.Debug|Any CPU.ActiveCfg = Debug|Any CPU
		{573B73AF-E76E-4E62-940B-4A66E719712B}.Debug|Any CPU.Build.0 = Debug|Any CPU
		{573B73AF-E76E-4E62-940B-4A66E719712B}.Release|Any CPU.ActiveCfg = Release|Any CPU
		{573B73AF-E76E-4E62-940B-4A66E719712B}.Release|Any CPU.Build.0 = Release|Any CPU
		{09E209BE-6D5E-4D93-B25C-7E9FBA341DDE}.Debug|Any CPU.ActiveCfg = Debug|Any CPU
		{09E209BE-6D5E-4D93-B25C-7E9FBA341DDE}.Debug|Any CPU.Build.0 = Debug|Any CPU
		{09E209BE-6D5E-4D93-B25C-7E9FBA341DDE}.Release|Any CPU.ActiveCfg = Release|Any CPU
		{09E209BE-6D5E-4D93-B25C-7E9FBA341DDE}.Release|Any CPU.Build.0 = Release|Any CPU
		{67A71DFB-8338-48B9-B30A-89C563DFEE77}.Debug|Any CPU.ActiveCfg = Debug|Any CPU
		{67A71DFB-8338-48B9-B30A-89C563DFEE77}.Debug|Any CPU.Build.0 = Debug|Any CPU
		{67A71DFB-8338-48B9-B30A-89C563DFEE77}.Release|Any CPU.ActiveCfg = Release|Any CPU
		{67A71DFB-8338-48B9-B30A-89C563DFEE77}.Release|Any CPU.Build.0 = Release|Any CPU
	EndGlobalSection
EndGlobal
